// !$*UTF8*$!
{
	archiveVersion = 1;
	classes = {
	};
	objectVersion = 46;
	objects = {

/* Begin PBXBuildFile section */
		B3B90D001B9484A20047016B /* AppDelegate.swift in Sources */ = {isa = PBXBuildFile; fileRef = B3B90CFF1B9484A20047016B /* AppDelegate.swift */; };
		B3B90D051B9484A20047016B /* Main.storyboard in Resources */ = {isa = PBXBuildFile; fileRef = B3B90D031B9484A20047016B /* Main.storyboard */; };
		B3B90D071B9484A20047016B /* Images.xcassets in Resources */ = {isa = PBXBuildFile; fileRef = B3B90D061B9484A20047016B /* Images.xcassets */; };
		B3B90D0A1B9484A20047016B /* LaunchScreen.xib in Resources */ = {isa = PBXBuildFile; fileRef = B3B90D081B9484A20047016B /* LaunchScreen.xib */; };
		B3B90D161B9484A20047016B /* Meme_2_0Tests.swift in Sources */ = {isa = PBXBuildFile; fileRef = B3B90D151B9484A20047016B /* Meme_2_0Tests.swift */; };
		B3B90D201B9485920047016B /* MemeEditorVC.swift in Sources */ = {isa = PBXBuildFile; fileRef = B3B90D1F1B9485920047016B /* MemeEditorVC.swift */; };
		B3B90D221B9485F50047016B /* Meme.swift in Sources */ = {isa = PBXBuildFile; fileRef = B3B90D211B9485F50047016B /* Meme.swift */; };
		B3B90D241B94864B0047016B /* SentMemesTVC.swift in Sources */ = {isa = PBXBuildFile; fileRef = B3B90D231B94864B0047016B /* SentMemesTVC.swift */; };
		B3B90D261B94867E0047016B /* SentMemesCVC.swift in Sources */ = {isa = PBXBuildFile; fileRef = B3B90D251B94867E0047016B /* SentMemesCVC.swift */; };
		B3B90D281B9486C70047016B /* MemeDetailVC.swift in Sources */ = {isa = PBXBuildFile; fileRef = B3B90D271B9486C70047016B /* MemeDetailVC.swift */; };
		B3B90D2A1B9486EF0047016B /* MemeCVCell.swift in Sources */ = {isa = PBXBuildFile; fileRef = B3B90D291B9486EF0047016B /* MemeCVCell.swift */; };
/* End PBXBuildFile section */

/* Begin PBXContainerItemProxy section */
		B3B90D101B9484A20047016B /* PBXContainerItemProxy */ = {
			isa = PBXContainerItemProxy;
			containerPortal = B3B90CF21B9484A20047016B /* Project object */;
			proxyType = 1;
			remoteGlobalIDString = B3B90CF91B9484A20047016B;
			remoteInfo = "Meme 2.0";
		};
/* End PBXContainerItemProxy section */

/* Begin PBXFileReference section */
		B3B90CFA1B9484A20047016B /* Meme 2.0.app */ = {isa = PBXFileReference; explicitFileType = wrapper.application; includeInIndex = 0; path = "Meme 2.0.app"; sourceTree = BUILT_PRODUCTS_DIR; };
		B3B90CFE1B9484A20047016B /* Info.plist */ = {isa = PBXFileReference; lastKnownFileType = text.plist.xml; path = Info.plist; sourceTree = "<group>"; };
		B3B90CFF1B9484A20047016B /* AppDelegate.swift */ = {isa = PBXFileReference; lastKnownFileType = sourcecode.swift; path = AppDelegate.swift; sourceTree = "<group>"; };
		B3B90D041B9484A20047016B /* Base */ = {isa = PBXFileReference; lastKnownFileType = file.storyboard; name = Base; path = Base.lproj/Main.storyboard; sourceTree = "<group>"; };
		B3B90D061B9484A20047016B /* Images.xcassets */ = {isa = PBXFileReference; lastKnownFileType = folder.assetcatalog; path = Images.xcassets; sourceTree = "<group>"; };
		B3B90D091B9484A20047016B /* Base */ = {isa = PBXFileReference; lastKnownFileType = file.xib; name = Base; path = Base.lproj/LaunchScreen.xib; sourceTree = "<group>"; };
		B3B90D0F1B9484A20047016B /* Meme 2.0Tests.xctest */ = {isa = PBXFileReference; explicitFileType = wrapper.cfbundle; includeInIndex = 0; path = "Meme 2.0Tests.xctest"; sourceTree = BUILT_PRODUCTS_DIR; };
		B3B90D141B9484A20047016B /* Info.plist */ = {isa = PBXFileReference; lastKnownFileType = text.plist.xml; path = Info.plist; sourceTree = "<group>"; };
		B3B90D151B9484A20047016B /* Meme_2_0Tests.swift */ = {isa = PBXFileReference; lastKnownFileType = sourcecode.swift; path = Meme_2_0Tests.swift; sourceTree = "<group>"; };
		B3B90D1F1B9485920047016B /* MemeEditorVC.swift */ = {isa = PBXFileReference; fileEncoding = 4; lastKnownFileType = sourcecode.swift; path = MemeEditorVC.swift; sourceTree = "<group>"; };
		B3B90D211B9485F50047016B /* Meme.swift */ = {isa = PBXFileReference; fileEncoding = 4; lastKnownFileType = sourcecode.swift; path = Meme.swift; sourceTree = "<group>"; };
		B3B90D231B94864B0047016B /* SentMemesTVC.swift */ = {isa = PBXFileReference; fileEncoding = 4; lastKnownFileType = sourcecode.swift; path = SentMemesTVC.swift; sourceTree = "<group>"; };
		B3B90D251B94867E0047016B /* SentMemesCVC.swift */ = {isa = PBXFileReference; fileEncoding = 4; lastKnownFileType = sourcecode.swift; path = SentMemesCVC.swift; sourceTree = "<group>"; };
		B3B90D271B9486C70047016B /* MemeDetailVC.swift */ = {isa = PBXFileReference; fileEncoding = 4; lastKnownFileType = sourcecode.swift; path = MemeDetailVC.swift; sourceTree = "<group>"; };
		B3B90D291B9486EF0047016B /* MemeCVCell.swift */ = {isa = PBXFileReference; fileEncoding = 4; lastKnownFileType = sourcecode.swift; path = MemeCVCell.swift; sourceTree = "<group>"; };
/* End PBXFileReference section */

/* Begin PBXFrameworksBuildPhase section */
		B3B90CF71B9484A20047016B /* Frameworks */ = {
			isa = PBXFrameworksBuildPhase;
			buildActionMask = 2147483647;
			files = (
			);
			runOnlyForDeploymentPostprocessing = 0;
		};
		B3B90D0C1B9484A20047016B /* Frameworks */ = {
			isa = PBXFrameworksBuildPhase;
			buildActionMask = 2147483647;
			files = (
			);
			runOnlyForDeploymentPostprocessing = 0;
		};
/* End PBXFrameworksBuildPhase section */

/* Begin PBXGroup section */
		B3B90CF11B9484A20047016B = {
			isa = PBXGroup;
			children = (
				B3B90CFC1B9484A20047016B /* Meme 2.0 */,
				B3B90D121B9484A20047016B /* Meme 2.0Tests */,
				B3B90CFB1B9484A20047016B /* Products */,
			);
			sourceTree = "<group>";
		};
		B3B90CFB1B9484A20047016B /* Products */ = {
			isa = PBXGroup;
			children = (
				B3B90CFA1B9484A20047016B /* Meme 2.0.app */,
				B3B90D0F1B9484A20047016B /* Meme 2.0Tests.xctest */,
			);
			name = Products;
			sourceTree = "<group>";
		};
		B3B90CFC1B9484A20047016B /* Meme 2.0 */ = {
			isa = PBXGroup;
			children = (
				B3B90D031B9484A20047016B /* Main.storyboard */,
				B3B90D211B9485F50047016B /* Meme.swift */,
				B3B90D1F1B9485920047016B /* MemeEditorVC.swift */,
				B3B90D231B94864B0047016B /* SentMemesTVC.swift */,
				B3B90D251B94867E0047016B /* SentMemesCVC.swift */,
				B3B90D271B9486C70047016B /* MemeDetailVC.swift */,
				B3B90D291B9486EF0047016B /* MemeCVCell.swift */,
				B3B90CFF1B9484A20047016B /* AppDelegate.swift */,
				B3B90D061B9484A20047016B /* Images.xcassets */,
				B3B90D081B9484A20047016B /* LaunchScreen.xib */,
				B3B90CFD1B9484A20047016B /* Supporting Files */,
			);
			path = "Meme 2.0";
			sourceTree = "<group>";
		};
		B3B90CFD1B9484A20047016B /* Supporting Files */ = {
			isa = PBXGroup;
			children = (
				B3B90CFE1B9484A20047016B /* Info.plist */,
			);
			name = "Supporting Files";
			sourceTree = "<group>";
		};
		B3B90D121B9484A20047016B /* Meme 2.0Tests */ = {
			isa = PBXGroup;
			children = (
				B3B90D151B9484A20047016B /* Meme_2_0Tests.swift */,
				B3B90D131B9484A20047016B /* Supporting Files */,
			);
			path = "Meme 2.0Tests";
			sourceTree = "<group>";
		};
		B3B90D131B9484A20047016B /* Supporting Files */ = {
			isa = PBXGroup;
			children = (
				B3B90D141B9484A20047016B /* Info.plist */,
			);
			name = "Supporting Files";
			sourceTree = "<group>";
		};
/* End PBXGroup section */

/* Begin PBXNativeTarget section */
		B3B90CF91B9484A20047016B /* Meme 2.0 */ = {
			isa = PBXNativeTarget;
			buildConfigurationList = B3B90D191B9484A20047016B /* Build configuration list for PBXNativeTarget "Meme 2.0" */;
			buildPhases = (
				B3B90CF61B9484A20047016B /* Sources */,
				B3B90CF71B9484A20047016B /* Frameworks */,
				B3B90CF81B9484A20047016B /* Resources */,
			);
			buildRules = (
			);
			dependencies = (
			);
			name = "Meme 2.0";
			productName = "Meme 2.0";
			productReference = B3B90CFA1B9484A20047016B /* Meme 2.0.app */;
			productType = "com.apple.product-type.application";
		};
		B3B90D0E1B9484A20047016B /* Meme 2.0Tests */ = {
			isa = PBXNativeTarget;
			buildConfigurationList = B3B90D1C1B9484A20047016B /* Build configuration list for PBXNativeTarget "Meme 2.0Tests" */;
			buildPhases = (
				B3B90D0B1B9484A20047016B /* Sources */,
				B3B90D0C1B9484A20047016B /* Frameworks */,
				B3B90D0D1B9484A20047016B /* Resources */,
			);
			buildRules = (
			);
			dependencies = (
				B3B90D111B9484A20047016B /* PBXTargetDependency */,
			);
			name = "Meme 2.0Tests";
			productName = "Meme 2.0Tests";
			productReference = B3B90D0F1B9484A20047016B /* Meme 2.0Tests.xctest */;
			productType = "com.apple.product-type.bundle.unit-test";
		};
/* End PBXNativeTarget section */

/* Begin PBXProject section */
		B3B90CF21B9484A20047016B /* Project object */ = {
			isa = PBXProject;
			attributes = {
				LastUpgradeCheck = 0640;
				ORGANIZATIONNAME = "Leonid Pustilnik";
				TargetAttributes = {
					B3B90CF91B9484A20047016B = {
						CreatedOnToolsVersion = 6.4;
					};
					B3B90D0E1B9484A20047016B = {
						CreatedOnToolsVersion = 6.4;
						TestTargetID = B3B90CF91B9484A20047016B;
					};
				};
			};
			buildConfigurationList = B3B90CF51B9484A20047016B /* Build configuration list for PBXProject "Meme 2.0" */;
			compatibilityVersion = "Xcode 3.2";
			developmentRegion = English;
			hasScannedForEncodings = 0;
			knownRegions = (
				en,
				Base,
			);
			mainGroup = B3B90CF11B9484A20047016B;
			productRefGroup = B3B90CFB1B9484A20047016B /* Products */;
			projectDirPath = "";
			projectRoot = "";
			targets = (
				B3B90CF91B9484A20047016B /* Meme 2.0 */,
				B3B90D0E1B9484A20047016B /* Meme 2.0Tests */,
			);
		};
/* End PBXProject section */

/* Begin PBXResourcesBuildPhase section */
		B3B90CF81B9484A20047016B /* Resources */ = {
			isa = PBXResourcesBuildPhase;
			buildActionMask = 2147483647;
			files = (
				B3B90D051B9484A20047016B /* Main.storyboard in Resources */,
				B3B90D0A1B9484A20047016B /* LaunchScreen.xib in Resources */,
				B3B90D071B9484A20047016B /* Images.xcassets in Resources */,
			);
			runOnlyForDeploymentPostprocessing = 0;
		};
		B3B90D0D1B9484A20047016B /* Resources */ = {
			isa = PBXResourcesBuildPhase;
			buildActionMask = 2147483647;
			files = (
			);
			runOnlyForDeploymentPostprocessing = 0;
		};
/* End PBXResourcesBuildPhase section */

/* Begin PBXSourcesBuildPhase section */
		B3B90CF61B9484A20047016B /* Sources */ = {
			isa = PBXSourcesBuildPhase;
			buildActionMask = 2147483647;
			files = (
				B3B90D221B9485F50047016B /* Meme.swift in Sources */,
				B3B90D001B9484A20047016B /* AppDelegate.swift in Sources */,
				B3B90D2A1B9486EF0047016B /* MemeCVCell.swift in Sources */,
				B3B90D201B9485920047016B /* MemeEditorVC.swift in Sources */,
				B3B90D261B94867E0047016B /* SentMemesCVC.swift in Sources */,
				B3B90D241B94864B0047016B /* SentMemesTVC.swift in Sources */,
				B3B90D281B9486C70047016B /* MemeDetailVC.swift in Sources */,
			);
			runOnlyForDeploymentPostprocessing = 0;
		};
		B3B90D0B1B9484A20047016B /* Sources */ = {
			isa = PBXSourcesBuildPhase;
			buildActionMask = 2147483647;
			files = (
				B3B90D161B9484A20047016B /* Meme_2_0Tests.swift in Sources */,
			);
			runOnlyForDeploymentPostprocessing = 0;
		};
/* End PBXSourcesBuildPhase section */

/* Begin PBXTargetDependency section */
		B3B90D111B9484A20047016B /* PBXTargetDependency */ = {
			isa = PBXTargetDependency;
			target = B3B90CF91B9484A20047016B /* Meme 2.0 */;
			targetProxy = B3B90D101B9484A20047016B /* PBXContainerItemProxy */;
		};
/* End PBXTargetDependency section */

/* Begin PBXVariantGroup section */
		B3B90D031B9484A20047016B /* Main.storyboard */ = {
			isa = PBXVariantGroup;
			children = (
				B3B90D041B9484A20047016B /* Base */,
			);
			name = Main.storyboard;
			sourceTree = "<group>";
		};
		B3B90D081B9484A20047016B /* LaunchScreen.xib */ = {
			isa = PBXVariantGroup;
			children = (
				B3B90D091B9484A20047016B /* Base */,
			);
			name = LaunchScreen.xib;
			sourceTree = "<group>";
		};
/* End PBXVariantGroup section */

/* Begin XCBuildConfiguration section */
		B3B90D171B9484A20047016B /* Debug */ = {
			isa = XCBuildConfiguration;
			buildSettings = {
				ALWAYS_SEARCH_USER_PATHS = NO;
				CLANG_CXX_LANGUAGE_STANDARD = "gnu++0x";
				CLANG_CXX_LIBRARY = "libc++";
				CLANG_ENABLE_MODULES = YES;
				CLANG_ENABLE_OBJC_ARC = YES;
				CLANG_WARN_BOOL_CONVERSION = YES;
				CLANG_WARN_CONSTANT_CONVERSION = YES;
				CLANG_WARN_DIRECT_OBJC_ISA_USAGE = YES_ERROR;
				CLANG_WARN_EMPTY_BODY = YES;
				CLANG_WARN_ENUM_CONVERSION = YES;
				CLANG_WARN_INT_CONVERSION = YES;
				CLANG_WARN_OBJC_ROOT_CLASS = YES_ERROR;
				CLANG_WARN_UNREACHABLE_CODE = YES;
				CLANG_WARN__DUPLICATE_METHOD_MATCH = YES;
				"CODE_SIGN_IDENTITY[sdk=iphoneos*]" = "iPhone Developer";
				COPY_PHASE_STRIP = NO;
				DEBUG_INFORMATION_FORMAT = "dwarf-with-dsym";
				ENABLE_STRICT_OBJC_MSGSEND = YES;
				GCC_C_LANGUAGE_STANDARD = gnu99;
				GCC_DYNAMIC_NO_PIC = NO;
				GCC_NO_COMMON_BLOCKS = YES;
				GCC_OPTIMIZATION_LEVEL = 0;
				GCC_PREPROCESSOR_DEFINITIONS = (
					"DEBUG=1",
					"$(inherited)",
				);
				GCC_SYMBOLS_PRIVATE_EXTERN = NO;
				GCC_WARN_64_TO_32_BIT_CONVERSION = YES;
				GCC_WARN_ABOUT_RETURN_TYPE = YES_ERROR;
				GCC_WARN_UNDECLARED_SELECTOR = YES;
				GCC_WARN_UNINITIALIZED_AUTOS = YES_AGGRESSIVE;
				GCC_WARN_UNUSED_FUNCTION = YES;
				GCC_WARN_UNUSED_VARIABLE = YES;
				IPHONEOS_DEPLOYMENT_TARGET = 8.4;
				MTL_ENABLE_DEBUG_INFO = YES;
				ONLY_ACTIVE_ARCH = YES;
				SDKROOT = iphoneos;
				SWIFT_OPTIMIZATION_LEVEL = "-Onone";
			};
			name = Debug;
		};
		B3B90D181B9484A20047016B /* Release */ = {
			isa = XCBuildConfiguration;
			buildSettings = {
				ALWAYS_SEARCH_USER_PATHS = NO;
				CLANG_CXX_LANGUAGE_STANDARD = "gnu++0x";
				CLANG_CXX_LIBRARY = "libc++";
				CLANG_ENABLE_MODULES = YES;
				CLANG_ENABLE_OBJC_ARC = YES;
				CLANG_WARN_BOOL_CONVERSION = YES;
				CLANG_WARN_CONSTANT_CONVERSION = YES;
				CLANG_WARN_DIRECT_OBJC_ISA_USAGE = YES_ERROR;
				CLANG_WARN_EMPTY_BODY = YES;
				CLANG_WARN_ENUM_CONVERSION = YES;
				CLANG_WARN_INT_CONVERSION = YES;
				CLANG_WARN_OBJC_ROOT_CLASS = YES_ERROR;
				CLANG_WARN_UNREACHABLE_CODE = YES;
				CLANG_WARN__DUPLICATE_METHOD_MATCH = YES;
				"CODE_SIGN_IDENTITY[sdk=iphoneos*]" = "iPhone Developer";
				COPY_PHASE_STRIP = NO;
				DEBUG_INFORMATION_FORMAT = "dwarf-with-dsym";
				ENABLE_NS_ASSERTIONS = NO;
				ENABLE_STRICT_OBJC_MSGSEND = YES;
				GCC_C_LANGUAGE_STANDARD = gnu99;
				GCC_NO_COMMON_BLOCKS = YES;
				GCC_WARN_64_TO_32_BIT_CONVERSION = YES;
				GCC_WARN_ABOUT_RETURN_TYPE = YES_ERROR;
				GCC_WARN_UNDECLARED_SELECTOR = YES;
				GCC_WARN_UNINITIALIZED_AUTOS = YES_AGGRESSIVE;
				GCC_WARN_UNUSED_FUNCTION = YES;
				GCC_WARN_UNUSED_VARIABLE = YES;
				IPHONEOS_DEPLOYMENT_TARGET = 8.4;
				MTL_ENABLE_DEBUG_INFO = NO;
				SDKROOT = iphoneos;
				VALIDATE_PRODUCT = YES;
			};
			name = Release;
		};
		B3B90D1A1B9484A20047016B /* Debug */ = {
			isa = XCBuildConfiguration;
			buildSettings = {
				ASSETCATALOG_COMPILER_APPICON_NAME = AppIcon;
				INFOPLIST_FILE = "Meme 2.0/Info.plist";
				LD_RUNPATH_SEARCH_PATHS = "$(inherited) @executable_path/Frameworks";
				PRODUCT_NAME = "$(TARGET_NAME)";
			};
			name = Debug;
		};
		B3B90D1B1B9484A20047016B /* Release */ = {
			isa = XCBuildConfiguration;
			buildSettings = {
				ASSETCATALOG_COMPILER_APPICON_NAME = AppIcon;
				INFOPLIST_FILE = "Meme 2.0/Info.plist";
				LD_RUNPATH_SEARCH_PATHS = "$(inherited) @executable_path/Frameworks";
				PRODUCT_NAME = "$(TARGET_NAME)";
			};
			name = Release;
		};
		B3B90D1D1B9484A20047016B /* Debug */ = {
			isa = XCBuildConfiguration;
			buildSettings = {
				BUNDLE_LOADER = "$(TEST_HOST)";
				FRAMEWORK_SEARCH_PATHS = (
					"$(SDKROOT)/Developer/Library/Frameworks",
					"$(inherited)",
				);
				GCC_PREPROCESSOR_DEFINITIONS = (
					"DEBUG=1",
					"$(inherited)",
				);
				INFOPLIST_FILE = "Meme 2.0Tests/Info.plist";
				LD_RUNPATH_SEARCH_PATHS = "$(inherited) @executable_path/Frameworks @loader_path/Frameworks";
				PRODUCT_NAME = "$(TARGET_NAME)";
				TEST_HOST = "$(BUILT_PRODUCTS_DIR)/Meme 2.0.app/Meme 2.0";
			};
			name = Debug;
		};
		B3B90D1E1B9484A20047016B /* Release */ = {
			isa = XCBuildConfiguration;
			buildSettings = {
				BUNDLE_LOADER = "$(TEST_HOST)";
				FRAMEWORK_SEARCH_PATHS = (
					"$(SDKROOT)/Developer/Library/Frameworks",
					"$(inherited)",
				);
				INFOPLIST_FILE = "Meme 2.0Tests/Info.plist";
				LD_RUNPATH_SEARCH_PATHS = "$(inherited) @executable_path/Frameworks @loader_path/Frameworks";
				PRODUCT_NAME = "$(TARGET_NAME)";
				TEST_HOST = "$(BUILT_PRODUCTS_DIR)/Meme 2.0.app/Meme 2.0";
			};
			name = Release;
		};
/* End XCBuildConfiguration section */

/* Begin XCConfigurationList section */
		B3B90CF51B9484A20047016B /* Build configuration list for PBXProject "Meme 2.0" */ = {
			isa = XCConfigurationList;
			buildConfigurations = (
				B3B90D171B9484A20047016B /* Debug */,
				B3B90D181B9484A20047016B /* Release */,
			);
			defaultConfigurationIsVisible = 0;
			defaultConfigurationName = Release;
		};
		B3B90D191B9484A20047016B /* Build configuration list for PBXNativeTarget "Meme 2.0" */ = {
			isa = XCConfigurationList;
			buildConfigurations = (
				B3B90D1A1B9484A20047016B /* Debug */,
				B3B90D1B1B9484A20047016B /* Release */,
			);
			defaultConfigurationIsVisible = 0;
			defaultConfigurationName = Release;
		};
		B3B90D1C1B9484A20047016B /* Build configuration list for PBXNativeTarget "Meme 2.0Tests" */ = {
			isa = XCConfigurationList;
			buildConfigurations = (
				B3B90D1D1B9484A20047016B /* Debug */,
				B3B90D1E1B9484A20047016B /* Release */,
			);
			defaultConfigurationIsVisible = 0;
			defaultConfigurationName = Release;
		};
/* End XCConfigurationList section */
	};
	rootObject = B3B90CF21B9484A20047016B /* Project object */;
}
